// !$*UTF8*$!
{
	archiveVersion = 1;
	classes = {
	};
	objectVersion = 56;
	objects = {

/* Begin PBXBuildFile section */
		570C37CA2AE7A2AE009BE9AA /* ScheduleMainView.swift in Sources */ = {isa = PBXBuildFile; fileRef = 570C37C92AE7A2AE009BE9AA /* ScheduleMainView.swift */; };
		570C37CC2AE7D7D2009BE9AA /* DayDividedSelectMainView.swift in Sources */ = {isa = PBXBuildFile; fileRef = 570C37CB2AE7D7D2009BE9AA /* DayDividedSelectMainView.swift */; };
		570C37D22AEA85E9009BE9AA /* NSNotification.swift in Sources */ = {isa = PBXBuildFile; fileRef = 570C37D12AEA85E9009BE9AA /* NSNotification.swift */; };
		570C37D42AEBB300009BE9AA /* TinderBarLayout.swift in Sources */ = {isa = PBXBuildFile; fileRef = 570C37D32AEBB2FF009BE9AA /* TinderBarLayout.swift */; };
		570C37D62AEBB34C009BE9AA /* TinderBarButton.swift in Sources */ = {isa = PBXBuildFile; fileRef = 570C37D52AEBB34C009BE9AA /* TinderBarButton.swift */; };
		570C37D82AEBB3C5009BE9AA /* TinderBarButtonContainer.swift in Sources */ = {isa = PBXBuildFile; fileRef = 570C37D72AEBB3C5009BE9AA /* TinderBarButtonContainer.swift */; };
		570FE7142AE0AD4100ECE726 /* DayDivideContentViewController.swift in Sources */ = {isa = PBXBuildFile; fileRef = 570FE7132AE0AD4100ECE726 /* DayDivideContentViewController.swift */; };
		5714F4A22AC8487900D55041 /* CustomObservable.swift in Sources */ = {isa = PBXBuildFile; fileRef = 5714F4A12AC8487900D55041 /* CustomObservable.swift */; };
		5714F4A42AC849B700D55041 /* BaseViewController.swift in Sources */ = {isa = PBXBuildFile; fileRef = 5714F4A32AC849B700D55041 /* BaseViewController.swift */; };
		5714F4A82AC84C0E00D55041 /* Constraints.swift in Sources */ = {isa = PBXBuildFile; fileRef = 5714F4A72AC84C0E00D55041 /* Constraints.swift */; };
		5714F4AA2AC851D400D55041 /* ScheduleViewController.swift in Sources */ = {isa = PBXBuildFile; fileRef = 5714F4A92AC851D400D55041 /* ScheduleViewController.swift */; };
		5714F4B52AC8531900D55041 /* ScheduleViewModel.swift in Sources */ = {isa = PBXBuildFile; fileRef = 5714F4B42AC8531900D55041 /* ScheduleViewModel.swift */; };
		5714F4BC2AC85FF700D55041 /* DetailTodoCell.swift in Sources */ = {isa = PBXBuildFile; fileRef = 5714F4BB2AC85FF700D55041 /* DetailTodoCell.swift */; };
		5714F4C02AC8609100D55041 /* SimpleTodoHeader.swift in Sources */ = {isa = PBXBuildFile; fileRef = 5714F4BF2AC8609100D55041 /* SimpleTodoHeader.swift */; };
		5714F4C22AC860B000D55041 /* DetailTodoHeader.swift in Sources */ = {isa = PBXBuildFile; fileRef = 5714F4C12AC860B000D55041 /* DetailTodoHeader.swift */; };
		5714F4C42AC860E900D55041 /* DetailTodoFooter.swift in Sources */ = {isa = PBXBuildFile; fileRef = 5714F4C32AC860E900D55041 /* DetailTodoFooter.swift */; };
		5714F4C62AC8620300D55041 /* BaseCollectionReusableView.swift in Sources */ = {isa = PBXBuildFile; fileRef = 5714F4C52AC8620300D55041 /* BaseCollectionReusableView.swift */; };
		5714F4C82AC8651F00D55041 /* BaseCollectionViewCell.swift in Sources */ = {isa = PBXBuildFile; fileRef = 5714F4C72AC8651F00D55041 /* BaseCollectionViewCell.swift */; };
		5714F4CA2AC8668000D55041 /* LineView.swift in Sources */ = {isa = PBXBuildFile; fileRef = 5714F4C92AC8668000D55041 /* LineView.swift */; };
		5714F4CC2AC866A000D55041 /* BaseView.swift in Sources */ = {isa = PBXBuildFile; fileRef = 5714F4CB2AC866A000D55041 /* BaseView.swift */; };
		5714F4D02AC867E400D55041 /* TimeLabel.swift in Sources */ = {isa = PBXBuildFile; fileRef = 5714F4CF2AC867E400D55041 /* TimeLabel.swift */; };
		5714F4D22AC867ED00D55041 /* BaseLabel.swift in Sources */ = {isa = PBXBuildFile; fileRef = 5714F4D12AC867ED00D55041 /* BaseLabel.swift */; };
		5714F4D42AC86C9E00D55041 /* TitleLabel.swift in Sources */ = {isa = PBXBuildFile; fileRef = 5714F4D32AC86C9E00D55041 /* TitleLabel.swift */; };
		5714F4D72AC90EF000D55041 /* StateButton.swift in Sources */ = {isa = PBXBuildFile; fileRef = 5714F4D62AC90EF000D55041 /* StateButton.swift */; };
		5714F4D92AC90F0E00D55041 /* BaseButton.swift in Sources */ = {isa = PBXBuildFile; fileRef = 5714F4D82AC90F0E00D55041 /* BaseButton.swift */; };
		5714F4DE2AC9142900D55041 /* CircleImageView.swift in Sources */ = {isa = PBXBuildFile; fileRef = 5714F4DD2AC9142900D55041 /* CircleImageView.swift */; };
		5714F4E02AC9143F00D55041 /* BaseImageView.swift in Sources */ = {isa = PBXBuildFile; fileRef = 5714F4DF2AC9143F00D55041 /* BaseImageView.swift */; };
		5714F4E42AC9266A00D55041 /* ViewIdentifiable.swift in Sources */ = {isa = PBXBuildFile; fileRef = 5714F4E32AC9266A00D55041 /* ViewIdentifiable.swift */; };
		5714F4E62AC9BB9900D55041 /* ExpandButton.swift in Sources */ = {isa = PBXBuildFile; fileRef = 5714F4E52AC9BB9900D55041 /* ExpandButton.swift */; };
		5724C80D2AE798B400C7B92A /* RealmRepository.swift in Sources */ = {isa = PBXBuildFile; fileRef = 5724C80C2AE798B400C7B92A /* RealmRepository.swift */; };
		573490282AE0F40600CA1A9D /* StartStandardTodoHeader.swift in Sources */ = {isa = PBXBuildFile; fileRef = 573490272AE0F40600CA1A9D /* StartStandardTodoHeader.swift */; };
		5734902A2AE10C1E00CA1A9D /* EndStandardTodoHeader.swift in Sources */ = {isa = PBXBuildFile; fileRef = 573490292AE10C1E00CA1A9D /* EndStandardTodoHeader.swift */; };
		573C688D2AE158A80039217C /* UseDay.swift in Sources */ = {isa = PBXBuildFile; fileRef = 573C688C2AE158A80039217C /* UseDay.swift */; };
		573C688F2AE163680039217C /* DayDividedSelectViewController.swift in Sources */ = {isa = PBXBuildFile; fileRef = 573C688E2AE163680039217C /* DayDividedSelectViewController.swift */; };
		573C68942AE163C30039217C /* DayDividedSelectViewModel.swift in Sources */ = {isa = PBXBuildFile; fileRef = 573C68932AE163C30039217C /* DayDividedSelectViewModel.swift */; };
		573C68962AE18E160039217C /* TodoTimeSettingsViewController.swift in Sources */ = {isa = PBXBuildFile; fileRef = 573C68952AE18E160039217C /* TodoTimeSettingsViewController.swift */; };
		573C689A2AE18E3C0039217C /* TodoTimeSettingViewModel.swift in Sources */ = {isa = PBXBuildFile; fileRef = 573C68992AE18E3C0039217C /* TodoTimeSettingViewModel.swift */; };
		575BA9662AD434DA0058FDC2 /* LabelDatePickerView.swift in Sources */ = {isa = PBXBuildFile; fileRef = 575BA9652AD434DA0058FDC2 /* LabelDatePickerView.swift */; };
		575BA9682AD435200058FDC2 /* LabelPickerView.swift in Sources */ = {isa = PBXBuildFile; fileRef = 575BA9672AD435200058FDC2 /* LabelPickerView.swift */; };
		576B10B92AE0B2390000C577 /* DayDivideContentViewModel.swift in Sources */ = {isa = PBXBuildFile; fileRef = 576B10B82AE0B2390000C577 /* DayDivideContentViewModel.swift */; };
		578907AA2ADE963E00FF5274 /* DefaultDivideConfigMainView.swift in Sources */ = {isa = PBXBuildFile; fileRef = 578907A92ADE963D00FF5274 /* DefaultDivideConfigMainView.swift */; };
		578907AC2ADEAB1500FF5274 /* DayDivideCotainerViewController.swift in Sources */ = {isa = PBXBuildFile; fileRef = 578907AB2ADEAB1500FF5274 /* DayDivideCotainerViewController.swift */; };
		578907B62ADEAC4900FF5274 /* DayDivideContainerViewModel.swift in Sources */ = {isa = PBXBuildFile; fileRef = 578907B52ADEAC4900FF5274 /* DayDivideContainerViewModel.swift */; };
		57C138402AC5496500277597 /* AppDelegate.swift in Sources */ = {isa = PBXBuildFile; fileRef = 57C1383F2AC5496500277597 /* AppDelegate.swift */; };
		57C138422AC5496500277597 /* SceneDelegate.swift in Sources */ = {isa = PBXBuildFile; fileRef = 57C138412AC5496500277597 /* SceneDelegate.swift */; };
		57C138492AC5496A00277597 /* Assets.xcassets in Resources */ = {isa = PBXBuildFile; fileRef = 57C138482AC5496A00277597 /* Assets.xcassets */; };
		57C1384C2AC5496A00277597 /* LaunchScreen.storyboard in Resources */ = {isa = PBXBuildFile; fileRef = 57C1384A2AC5496A00277597 /* LaunchScreen.storyboard */; };
		57C714012AD2D6E400DF57D2 /* DateBranchViewController.swift in Sources */ = {isa = PBXBuildFile; fileRef = 57C714002AD2D6E400DF57D2 /* DateBranchViewController.swift */; };
		57C714062AD2DB3F00DF57D2 /* DateBranchViewModel.swift in Sources */ = {isa = PBXBuildFile; fileRef = 57C714052AD2DB3F00DF57D2 /* DateBranchViewModel.swift */; };
		57C714082AD2E78300DF57D2 /* DIYCalendarCell.swift in Sources */ = {isa = PBXBuildFile; fileRef = 57C714072AD2E78300DF57D2 /* DIYCalendarCell.swift */; };
		57D55AB22AEFD7AE0020C4AF /* SettingViewController.swift in Sources */ = {isa = PBXBuildFile; fileRef = 57D55AB12AEFD7AE0020C4AF /* SettingViewController.swift */; };
		57D55AB42AEFD7CB0020C4AF /* SettingViewModel.swift in Sources */ = {isa = PBXBuildFile; fileRef = 57D55AB32AEFD7CB0020C4AF /* SettingViewModel.swift */; };
		57D55AB62AEFE1740020C4AF /* SettingMainView.swift in Sources */ = {isa = PBXBuildFile; fileRef = 57D55AB52AEFE1740020C4AF /* SettingMainView.swift */; };
		57D55ABA2AEFF0CC0020C4AF /* TabBarController .swift in Sources */ = {isa = PBXBuildFile; fileRef = 57D55AB92AEFF0CC0020C4AF /* TabBarController .swift */; };
		57D5FA542B14814B00A76420 /* RxCocoa in Frameworks */ = {isa = PBXBuildFile; productRef = 57D5FA532B14814B00A76420 /* RxCocoa */; };
		57D5FA562B14814B00A76420 /* RxRelay in Frameworks */ = {isa = PBXBuildFile; productRef = 57D5FA552B14814B00A76420 /* RxRelay */; };
		57D5FA582B14814B00A76420 /* RxSwift in Frameworks */ = {isa = PBXBuildFile; productRef = 57D5FA572B14814B00A76420 /* RxSwift */; };
		57D5FA5A2B14833400A76420 /* Base.swift in Sources */ = {isa = PBXBuildFile; fileRef = 57D5FA592B14833400A76420 /* Base.swift */; };
		57D5FA602B1486D500A76420 /* ViewModelType.swift in Sources */ = {isa = PBXBuildFile; fileRef = 57D5FA5F2B1486D500A76420 /* ViewModelType.swift */; };
		57DDC6C32AEBC1A100D902A8 /* TinderBar.swift in Sources */ = {isa = PBXBuildFile; fileRef = 57DDC6C22AEBC1A100D902A8 /* TinderBar.swift */; };
		57DDC6C52AEBC20000D902A8 /* UIColor+Interpolation.swift in Sources */ = {isa = PBXBuildFile; fileRef = 57DDC6C42AEBC20000D902A8 /* UIColor+Interpolation.swift */; };
		57DDC6C72AEBC24000D902A8 /* TinderColors.swift in Sources */ = {isa = PBXBuildFile; fileRef = 57DDC6C62AEBC24000D902A8 /* TinderColors.swift */; };
		57ECC6D12AD5A917009E22BE /* LabelTimePickerView.swift in Sources */ = {isa = PBXBuildFile; fileRef = 57ECC6D02AD5A917009E22BE /* LabelTimePickerView.swift */; };
		57ECC6D32AD6B95D009E22BE /* TimeSettingView.swift in Sources */ = {isa = PBXBuildFile; fileRef = 57ECC6D22AD6B95D009E22BE /* TimeSettingView.swift */; };
		57ECC6EB2AD7D8EA009E22BE /* DefaultTimeConfigViewController.swift in Sources */ = {isa = PBXBuildFile; fileRef = 57ECC6EA2AD7D8EA009E22BE /* DefaultTimeConfigViewController.swift */; };
		57ECC6F02AD7D922009E22BE /* DefaultTimeConfigViewModel.swift in Sources */ = {isa = PBXBuildFile; fileRef = 57ECC6EF2AD7D922009E22BE /* DefaultTimeConfigViewModel.swift */; };
		57EF5B4B2AE25A370059ECC4 /* TodoTimeSettingMainView.swift in Sources */ = {isa = PBXBuildFile; fileRef = 57EF5B4A2AE25A370059ECC4 /* TodoTimeSettingMainView.swift */; };
		57EF5B4E2AE2683F0059ECC4 /* TodoAddContainerViewController.swift in Sources */ = {isa = PBXBuildFile; fileRef = 57EF5B4D2AE2683E0059ECC4 /* TodoAddContainerViewController.swift */; };
		57EF5B512AE268FB0059ECC4 /* TodoAddViewModel.swift in Sources */ = {isa = PBXBuildFile; fileRef = 57EF5B502AE268FB0059ECC4 /* TodoAddViewModel.swift */; };
		57EF5B542AE432D30059ECC4 /* TodoContentWritingViewController.swift in Sources */ = {isa = PBXBuildFile; fileRef = 57EF5B532AE432D30059ECC4 /* TodoContentWritingViewController.swift */; };
		57EF5B572AE444950059ECC4 /* TodoContentWritingMainView.swift in Sources */ = {isa = PBXBuildFile; fileRef = 57EF5B562AE444950059ECC4 /* TodoContentWritingMainView.swift */; };
		57EF5B592AE4E5F70059ECC4 /* BaseTableViewCell.swift in Sources */ = {isa = PBXBuildFile; fileRef = 57EF5B582AE4E5F70059ECC4 /* BaseTableViewCell.swift */; };
		57EF5B5B2AE4E6AE0059ECC4 /* BaseTableViewHeaderFooterView.swift in Sources */ = {isa = PBXBuildFile; fileRef = 57EF5B5A2AE4E6AE0059ECC4 /* BaseTableViewHeaderFooterView.swift */; };
		57EF5B5D2AE51EFC0059ECC4 /* TodoContentWritingViewModel.swift in Sources */ = {isa = PBXBuildFile; fileRef = 57EF5B5C2AE51EFC0059ECC4 /* TodoContentWritingViewModel.swift */; };
		57EF5B622AE5334C0059ECC4 /* TodoContentWritingTableHeaderView.swift in Sources */ = {isa = PBXBuildFile; fileRef = 57EF5B612AE5334C0059ECC4 /* TodoContentWritingTableHeaderView.swift */; };
		57EF5B662AE533760059ECC4 /* TodoDetailTodoWritingCell.swift in Sources */ = {isa = PBXBuildFile; fileRef = 57EF5B652AE533760059ECC4 /* TodoDetailTodoWritingCell.swift */; };
		57EF5B682AE533950059ECC4 /* TodoDetailTodoWritingAddHeader.swift in Sources */ = {isa = PBXBuildFile; fileRef = 57EF5B672AE533950059ECC4 /* TodoDetailTodoWritingAddHeader.swift */; };
		57EF5B6A2AE533AA0059ECC4 /* TodoDetailTodoWritingAddFooter.swift in Sources */ = {isa = PBXBuildFile; fileRef = 57EF5B692AE533AA0059ECC4 /* TodoDetailTodoWritingAddFooter.swift */; };
		57EF5B712AE6A3D60059ECC4 /* Todo.swift in Sources */ = {isa = PBXBuildFile; fileRef = 57EF5B702AE6A3D60059ECC4 /* Todo.swift */; };
		57EF5B732AE6A4100059ECC4 /* DividedDay.swift in Sources */ = {isa = PBXBuildFile; fileRef = 57EF5B722AE6A4100059ECC4 /* DividedDay.swift */; };
		57F170CA2ADE6260008B20C7 /* DefaultTimeConfigMainView.swift in Sources */ = {isa = PBXBuildFile; fileRef = 57F170C92ADE6260008B20C7 /* DefaultTimeConfigMainView.swift */; };
		57F616AE2AD856F8007C7C4C /* DefaultDivideConfigViewController.swift in Sources */ = {isa = PBXBuildFile; fileRef = 57F616AD2AD856F8007C7C4C /* DefaultDivideConfigViewController.swift */; };
		57F616B32AD85753007C7C4C /* DefaultDivideCofigViewModel.swift in Sources */ = {isa = PBXBuildFile; fileRef = 57F616B22AD85753007C7C4C /* DefaultDivideCofigViewModel.swift */; };
		57F616B52AD9B3E8007C7C4C /* DefaultDayConfiguration.swift in Sources */ = {isa = PBXBuildFile; fileRef = 57F616B42AD9B3E8007C7C4C /* DefaultDayConfiguration.swift */; };
		57F616B72AD9B9D5007C7C4C /* OnboardingTabViewController.swift in Sources */ = {isa = PBXBuildFile; fileRef = 57F616B62AD9B9D5007C7C4C /* OnboardingTabViewController.swift */; };
		57F616B92ADA792E007C7C4C /* OnboardingViewModel.swift in Sources */ = {isa = PBXBuildFile; fileRef = 57F616B82ADA792E007C7C4C /* OnboardingViewModel.swift */; };
		57F616BF2ADC1A28007C7C4C /* HGCircularSlider in Frameworks */ = {isa = PBXBuildFile; productRef = 57F616BE2ADC1A28007C7C4C /* HGCircularSlider */; };
		57F616C22ADC1A4B007C7C4C /* SnapKit in Frameworks */ = {isa = PBXBuildFile; productRef = 57F616C12ADC1A4B007C7C4C /* SnapKit */; };
		57F616C52ADC1A5A007C7C4C /* IQKeyboardManagerSwift in Frameworks */ = {isa = PBXBuildFile; productRef = 57F616C42ADC1A5A007C7C4C /* IQKeyboardManagerSwift */; };
		57F616C82ADC1A8C007C7C4C /* FSCalendar in Frameworks */ = {isa = PBXBuildFile; productRef = 57F616C72ADC1A8C007C7C4C /* FSCalendar */; };
		57F616CB2ADC1B81007C7C4C /* Realm in Frameworks */ = {isa = PBXBuildFile; productRef = 57F616CA2ADC1B81007C7C4C /* Realm */; };
		57F616CD2ADC1B81007C7C4C /* RealmSwift in Frameworks */ = {isa = PBXBuildFile; productRef = 57F616CC2ADC1B81007C7C4C /* RealmSwift */; };
		925471F8AA058F559FDE2613 /* Pods_A_day_is_no_longer_24_hours.framework in Frameworks */ = {isa = PBXBuildFile; fileRef = 6325C6645600D66DA722265B /* Pods_A_day_is_no_longer_24_hours.framework */; };
/* End PBXBuildFile section */

/* Begin PBXFileReference section */
		570C37C92AE7A2AE009BE9AA /* ScheduleMainView.swift */ = {isa = PBXFileReference; lastKnownFileType = sourcecode.swift; path = ScheduleMainView.swift; sourceTree = "<group>"; };
		570C37CB2AE7D7D2009BE9AA /* DayDividedSelectMainView.swift */ = {isa = PBXFileReference; lastKnownFileType = sourcecode.swift; path = DayDividedSelectMainView.swift; sourceTree = "<group>"; };
		570C37D12AEA85E9009BE9AA /* NSNotification.swift */ = {isa = PBXFileReference; lastKnownFileType = sourcecode.swift; path = NSNotification.swift; sourceTree = "<group>"; };
		570C37D32AEBB2FF009BE9AA /* TinderBarLayout.swift */ = {isa = PBXFileReference; lastKnownFileType = sourcecode.swift; path = TinderBarLayout.swift; sourceTree = "<group>"; };
		570C37D52AEBB34C009BE9AA /* TinderBarButton.swift */ = {isa = PBXFileReference; lastKnownFileType = sourcecode.swift; path = TinderBarButton.swift; sourceTree = "<group>"; };
		570C37D72AEBB3C5009BE9AA /* TinderBarButtonContainer.swift */ = {isa = PBXFileReference; lastKnownFileType = sourcecode.swift; path = TinderBarButtonContainer.swift; sourceTree = "<group>"; };
		570FE7132AE0AD4100ECE726 /* DayDivideContentViewController.swift */ = {isa = PBXFileReference; lastKnownFileType = sourcecode.swift; path = DayDivideContentViewController.swift; sourceTree = "<group>"; };
		5714F4A12AC8487900D55041 /* CustomObservable.swift */ = {isa = PBXFileReference; lastKnownFileType = sourcecode.swift; path = CustomObservable.swift; sourceTree = "<group>"; };
		5714F4A32AC849B700D55041 /* BaseViewController.swift */ = {isa = PBXFileReference; lastKnownFileType = sourcecode.swift; path = BaseViewController.swift; sourceTree = "<group>"; };
		5714F4A72AC84C0E00D55041 /* Constraints.swift */ = {isa = PBXFileReference; lastKnownFileType = sourcecode.swift; path = Constraints.swift; sourceTree = "<group>"; };
		5714F4A92AC851D400D55041 /* ScheduleViewController.swift */ = {isa = PBXFileReference; lastKnownFileType = sourcecode.swift; path = ScheduleViewController.swift; sourceTree = "<group>"; };
		5714F4B42AC8531900D55041 /* ScheduleViewModel.swift */ = {isa = PBXFileReference; lastKnownFileType = sourcecode.swift; path = ScheduleViewModel.swift; sourceTree = "<group>"; };
		5714F4BB2AC85FF700D55041 /* DetailTodoCell.swift */ = {isa = PBXFileReference; lastKnownFileType = sourcecode.swift; path = DetailTodoCell.swift; sourceTree = "<group>"; };
		5714F4BF2AC8609100D55041 /* SimpleTodoHeader.swift */ = {isa = PBXFileReference; lastKnownFileType = sourcecode.swift; path = SimpleTodoHeader.swift; sourceTree = "<group>"; };
		5714F4C12AC860B000D55041 /* DetailTodoHeader.swift */ = {isa = PBXFileReference; lastKnownFileType = sourcecode.swift; path = DetailTodoHeader.swift; sourceTree = "<group>"; };
		5714F4C32AC860E900D55041 /* DetailTodoFooter.swift */ = {isa = PBXFileReference; lastKnownFileType = sourcecode.swift; path = DetailTodoFooter.swift; sourceTree = "<group>"; };
		5714F4C52AC8620300D55041 /* BaseCollectionReusableView.swift */ = {isa = PBXFileReference; lastKnownFileType = sourcecode.swift; path = BaseCollectionReusableView.swift; sourceTree = "<group>"; };
		5714F4C72AC8651F00D55041 /* BaseCollectionViewCell.swift */ = {isa = PBXFileReference; lastKnownFileType = sourcecode.swift; path = BaseCollectionViewCell.swift; sourceTree = "<group>"; };
		5714F4C92AC8668000D55041 /* LineView.swift */ = {isa = PBXFileReference; lastKnownFileType = sourcecode.swift; path = LineView.swift; sourceTree = "<group>"; };
		5714F4CB2AC866A000D55041 /* BaseView.swift */ = {isa = PBXFileReference; lastKnownFileType = sourcecode.swift; path = BaseView.swift; sourceTree = "<group>"; };
		5714F4CF2AC867E400D55041 /* TimeLabel.swift */ = {isa = PBXFileReference; lastKnownFileType = sourcecode.swift; path = TimeLabel.swift; sourceTree = "<group>"; };
		5714F4D12AC867ED00D55041 /* BaseLabel.swift */ = {isa = PBXFileReference; lastKnownFileType = sourcecode.swift; path = BaseLabel.swift; sourceTree = "<group>"; };
		5714F4D32AC86C9E00D55041 /* TitleLabel.swift */ = {isa = PBXFileReference; lastKnownFileType = sourcecode.swift; path = TitleLabel.swift; sourceTree = "<group>"; };
		5714F4D62AC90EF000D55041 /* StateButton.swift */ = {isa = PBXFileReference; lastKnownFileType = sourcecode.swift; path = StateButton.swift; sourceTree = "<group>"; };
		5714F4D82AC90F0E00D55041 /* BaseButton.swift */ = {isa = PBXFileReference; lastKnownFileType = sourcecode.swift; path = BaseButton.swift; sourceTree = "<group>"; };
		5714F4DD2AC9142900D55041 /* CircleImageView.swift */ = {isa = PBXFileReference; lastKnownFileType = sourcecode.swift; path = CircleImageView.swift; sourceTree = "<group>"; };
		5714F4DF2AC9143F00D55041 /* BaseImageView.swift */ = {isa = PBXFileReference; lastKnownFileType = sourcecode.swift; path = BaseImageView.swift; sourceTree = "<group>"; };
		5714F4E32AC9266A00D55041 /* ViewIdentifiable.swift */ = {isa = PBXFileReference; lastKnownFileType = sourcecode.swift; path = ViewIdentifiable.swift; sourceTree = "<group>"; };
		5714F4E52AC9BB9900D55041 /* ExpandButton.swift */ = {isa = PBXFileReference; lastKnownFileType = sourcecode.swift; path = ExpandButton.swift; sourceTree = "<group>"; };
		5724C80C2AE798B400C7B92A /* RealmRepository.swift */ = {isa = PBXFileReference; lastKnownFileType = sourcecode.swift; path = RealmRepository.swift; sourceTree = "<group>"; };
		573490272AE0F40600CA1A9D /* StartStandardTodoHeader.swift */ = {isa = PBXFileReference; lastKnownFileType = sourcecode.swift; path = StartStandardTodoHeader.swift; sourceTree = "<group>"; };
		573490292AE10C1E00CA1A9D /* EndStandardTodoHeader.swift */ = {isa = PBXFileReference; lastKnownFileType = sourcecode.swift; path = EndStandardTodoHeader.swift; sourceTree = "<group>"; };
		573C688C2AE158A80039217C /* UseDay.swift */ = {isa = PBXFileReference; lastKnownFileType = sourcecode.swift; path = UseDay.swift; sourceTree = "<group>"; };
		573C688E2AE163680039217C /* DayDividedSelectViewController.swift */ = {isa = PBXFileReference; lastKnownFileType = sourcecode.swift; path = DayDividedSelectViewController.swift; sourceTree = "<group>"; };
		573C68932AE163C30039217C /* DayDividedSelectViewModel.swift */ = {isa = PBXFileReference; lastKnownFileType = sourcecode.swift; path = DayDividedSelectViewModel.swift; sourceTree = "<group>"; };
		573C68952AE18E160039217C /* TodoTimeSettingsViewController.swift */ = {isa = PBXFileReference; lastKnownFileType = sourcecode.swift; path = TodoTimeSettingsViewController.swift; sourceTree = "<group>"; };
		573C68992AE18E3C0039217C /* TodoTimeSettingViewModel.swift */ = {isa = PBXFileReference; lastKnownFileType = sourcecode.swift; path = TodoTimeSettingViewModel.swift; sourceTree = "<group>"; };
		575BA9652AD434DA0058FDC2 /* LabelDatePickerView.swift */ = {isa = PBXFileReference; lastKnownFileType = sourcecode.swift; path = LabelDatePickerView.swift; sourceTree = "<group>"; };
		575BA9672AD435200058FDC2 /* LabelPickerView.swift */ = {isa = PBXFileReference; lastKnownFileType = sourcecode.swift; path = LabelPickerView.swift; sourceTree = "<group>"; };
		576B10B82AE0B2390000C577 /* DayDivideContentViewModel.swift */ = {isa = PBXFileReference; lastKnownFileType = sourcecode.swift; path = DayDivideContentViewModel.swift; sourceTree = "<group>"; };
		578907A92ADE963D00FF5274 /* DefaultDivideConfigMainView.swift */ = {isa = PBXFileReference; lastKnownFileType = sourcecode.swift; path = DefaultDivideConfigMainView.swift; sourceTree = "<group>"; };
		578907AB2ADEAB1500FF5274 /* DayDivideCotainerViewController.swift */ = {isa = PBXFileReference; lastKnownFileType = sourcecode.swift; path = DayDivideCotainerViewController.swift; sourceTree = "<group>"; };
		578907B52ADEAC4900FF5274 /* DayDivideContainerViewModel.swift */ = {isa = PBXFileReference; lastKnownFileType = sourcecode.swift; path = DayDivideContainerViewModel.swift; sourceTree = "<group>"; };
		57C1383C2AC5496500277597 /* A day is no longer 24 hours.app */ = {isa = PBXFileReference; explicitFileType = wrapper.application; includeInIndex = 0; path = "A day is no longer 24 hours.app"; sourceTree = BUILT_PRODUCTS_DIR; };
		57C1383F2AC5496500277597 /* AppDelegate.swift */ = {isa = PBXFileReference; lastKnownFileType = sourcecode.swift; path = AppDelegate.swift; sourceTree = "<group>"; };
		57C138412AC5496500277597 /* SceneDelegate.swift */ = {isa = PBXFileReference; lastKnownFileType = sourcecode.swift; path = SceneDelegate.swift; sourceTree = "<group>"; };
		57C138482AC5496A00277597 /* Assets.xcassets */ = {isa = PBXFileReference; lastKnownFileType = folder.assetcatalog; path = Assets.xcassets; sourceTree = "<group>"; };
		57C1384B2AC5496A00277597 /* Base */ = {isa = PBXFileReference; lastKnownFileType = file.storyboard; name = Base; path = Base.lproj/LaunchScreen.storyboard; sourceTree = "<group>"; };
		57C1384D2AC5496A00277597 /* Info.plist */ = {isa = PBXFileReference; lastKnownFileType = text.plist.xml; path = Info.plist; sourceTree = "<group>"; };
		57C714002AD2D6E400DF57D2 /* DateBranchViewController.swift */ = {isa = PBXFileReference; lastKnownFileType = sourcecode.swift; path = DateBranchViewController.swift; sourceTree = "<group>"; };
		57C714052AD2DB3F00DF57D2 /* DateBranchViewModel.swift */ = {isa = PBXFileReference; lastKnownFileType = sourcecode.swift; path = DateBranchViewModel.swift; sourceTree = "<group>"; };
		57C714072AD2E78300DF57D2 /* DIYCalendarCell.swift */ = {isa = PBXFileReference; lastKnownFileType = sourcecode.swift; path = DIYCalendarCell.swift; sourceTree = "<group>"; };
		57D55AB12AEFD7AE0020C4AF /* SettingViewController.swift */ = {isa = PBXFileReference; lastKnownFileType = sourcecode.swift; path = SettingViewController.swift; sourceTree = "<group>"; };
		57D55AB32AEFD7CB0020C4AF /* SettingViewModel.swift */ = {isa = PBXFileReference; lastKnownFileType = sourcecode.swift; path = SettingViewModel.swift; sourceTree = "<group>"; };
		57D55AB52AEFE1740020C4AF /* SettingMainView.swift */ = {isa = PBXFileReference; lastKnownFileType = sourcecode.swift; path = SettingMainView.swift; sourceTree = "<group>"; };
		57D55AB92AEFF0CC0020C4AF /* TabBarController .swift */ = {isa = PBXFileReference; lastKnownFileType = sourcecode.swift; path = "TabBarController .swift"; sourceTree = "<group>"; };
		57D5FA592B14833400A76420 /* Base.swift */ = {isa = PBXFileReference; lastKnownFileType = sourcecode.swift; path = Base.swift; sourceTree = "<group>"; };
		57D5FA5F2B1486D500A76420 /* ViewModelType.swift */ = {isa = PBXFileReference; lastKnownFileType = sourcecode.swift; path = ViewModelType.swift; sourceTree = "<group>"; };
		57DDC6C22AEBC1A100D902A8 /* TinderBar.swift */ = {isa = PBXFileReference; lastKnownFileType = sourcecode.swift; path = TinderBar.swift; sourceTree = "<group>"; };
		57DDC6C42AEBC20000D902A8 /* UIColor+Interpolation.swift */ = {isa = PBXFileReference; lastKnownFileType = sourcecode.swift; path = "UIColor+Interpolation.swift"; sourceTree = "<group>"; };
		57DDC6C62AEBC24000D902A8 /* TinderColors.swift */ = {isa = PBXFileReference; lastKnownFileType = sourcecode.swift; path = TinderColors.swift; sourceTree = "<group>"; };
		57ECC6D02AD5A917009E22BE /* LabelTimePickerView.swift */ = {isa = PBXFileReference; lastKnownFileType = sourcecode.swift; path = LabelTimePickerView.swift; sourceTree = "<group>"; };
		57ECC6D22AD6B95D009E22BE /* TimeSettingView.swift */ = {isa = PBXFileReference; lastKnownFileType = sourcecode.swift; path = TimeSettingView.swift; sourceTree = "<group>"; };
		57ECC6EA2AD7D8EA009E22BE /* DefaultTimeConfigViewController.swift */ = {isa = PBXFileReference; lastKnownFileType = sourcecode.swift; path = DefaultTimeConfigViewController.swift; sourceTree = "<group>"; };
		57ECC6EF2AD7D922009E22BE /* DefaultTimeConfigViewModel.swift */ = {isa = PBXFileReference; lastKnownFileType = sourcecode.swift; path = DefaultTimeConfigViewModel.swift; sourceTree = "<group>"; };
		57EF5B4A2AE25A370059ECC4 /* TodoTimeSettingMainView.swift */ = {isa = PBXFileReference; lastKnownFileType = sourcecode.swift; path = TodoTimeSettingMainView.swift; sourceTree = "<group>"; };
		57EF5B4D2AE2683E0059ECC4 /* TodoAddContainerViewController.swift */ = {isa = PBXFileReference; lastKnownFileType = sourcecode.swift; path = TodoAddContainerViewController.swift; sourceTree = "<group>"; };
		57EF5B502AE268FB0059ECC4 /* TodoAddViewModel.swift */ = {isa = PBXFileReference; lastKnownFileType = sourcecode.swift; path = TodoAddViewModel.swift; sourceTree = "<group>"; };
		57EF5B532AE432D30059ECC4 /* TodoContentWritingViewController.swift */ = {isa = PBXFileReference; lastKnownFileType = sourcecode.swift; path = TodoContentWritingViewController.swift; sourceTree = "<group>"; };
		57EF5B562AE444950059ECC4 /* TodoContentWritingMainView.swift */ = {isa = PBXFileReference; lastKnownFileType = sourcecode.swift; path = TodoContentWritingMainView.swift; sourceTree = "<group>"; };
		57EF5B582AE4E5F70059ECC4 /* BaseTableViewCell.swift */ = {isa = PBXFileReference; lastKnownFileType = sourcecode.swift; path = BaseTableViewCell.swift; sourceTree = "<group>"; };
		57EF5B5A2AE4E6AE0059ECC4 /* BaseTableViewHeaderFooterView.swift */ = {isa = PBXFileReference; lastKnownFileType = sourcecode.swift; path = BaseTableViewHeaderFooterView.swift; sourceTree = "<group>"; };
		57EF5B5C2AE51EFC0059ECC4 /* TodoContentWritingViewModel.swift */ = {isa = PBXFileReference; lastKnownFileType = sourcecode.swift; path = TodoContentWritingViewModel.swift; sourceTree = "<group>"; };
		57EF5B612AE5334C0059ECC4 /* TodoContentWritingTableHeaderView.swift */ = {isa = PBXFileReference; lastKnownFileType = sourcecode.swift; path = TodoContentWritingTableHeaderView.swift; sourceTree = "<group>"; };
		57EF5B652AE533760059ECC4 /* TodoDetailTodoWritingCell.swift */ = {isa = PBXFileReference; lastKnownFileType = sourcecode.swift; path = TodoDetailTodoWritingCell.swift; sourceTree = "<group>"; };
		57EF5B672AE533950059ECC4 /* TodoDetailTodoWritingAddHeader.swift */ = {isa = PBXFileReference; lastKnownFileType = sourcecode.swift; path = TodoDetailTodoWritingAddHeader.swift; sourceTree = "<group>"; };
		57EF5B692AE533AA0059ECC4 /* TodoDetailTodoWritingAddFooter.swift */ = {isa = PBXFileReference; lastKnownFileType = sourcecode.swift; path = TodoDetailTodoWritingAddFooter.swift; sourceTree = "<group>"; };
		57EF5B702AE6A3D60059ECC4 /* Todo.swift */ = {isa = PBXFileReference; lastKnownFileType = sourcecode.swift; path = Todo.swift; sourceTree = "<group>"; };
		57EF5B722AE6A4100059ECC4 /* DividedDay.swift */ = {isa = PBXFileReference; lastKnownFileType = sourcecode.swift; path = DividedDay.swift; sourceTree = "<group>"; };
		57F170C92ADE6260008B20C7 /* DefaultTimeConfigMainView.swift */ = {isa = PBXFileReference; lastKnownFileType = sourcecode.swift; path = DefaultTimeConfigMainView.swift; sourceTree = "<group>"; };
		57F616AD2AD856F8007C7C4C /* DefaultDivideConfigViewController.swift */ = {isa = PBXFileReference; lastKnownFileType = sourcecode.swift; path = DefaultDivideConfigViewController.swift; sourceTree = "<group>"; };
		57F616B22AD85753007C7C4C /* DefaultDivideCofigViewModel.swift */ = {isa = PBXFileReference; lastKnownFileType = sourcecode.swift; path = DefaultDivideCofigViewModel.swift; sourceTree = "<group>"; };
		57F616B42AD9B3E8007C7C4C /* DefaultDayConfiguration.swift */ = {isa = PBXFileReference; lastKnownFileType = sourcecode.swift; path = DefaultDayConfiguration.swift; sourceTree = "<group>"; };
		57F616B62AD9B9D5007C7C4C /* OnboardingTabViewController.swift */ = {isa = PBXFileReference; lastKnownFileType = sourcecode.swift; path = OnboardingTabViewController.swift; sourceTree = "<group>"; };
		57F616B82ADA792E007C7C4C /* OnboardingViewModel.swift */ = {isa = PBXFileReference; lastKnownFileType = sourcecode.swift; path = OnboardingViewModel.swift; sourceTree = "<group>"; };
		6325C6645600D66DA722265B /* Pods_A_day_is_no_longer_24_hours.framework */ = {isa = PBXFileReference; explicitFileType = wrapper.framework; includeInIndex = 0; path = Pods_A_day_is_no_longer_24_hours.framework; sourceTree = BUILT_PRODUCTS_DIR; };
		699704C0E154EFA3F0B65183 /* Pods-A day is no longer 24 hours.debug.xcconfig */ = {isa = PBXFileReference; includeInIndex = 1; lastKnownFileType = text.xcconfig; name = "Pods-A day is no longer 24 hours.debug.xcconfig"; path = "Target Support Files/Pods-A day is no longer 24 hours/Pods-A day is no longer 24 hours.debug.xcconfig"; sourceTree = "<group>"; };
		DBD42A7EE31B10218A333749 /* Pods-A day is no longer 24 hours.release.xcconfig */ = {isa = PBXFileReference; includeInIndex = 1; lastKnownFileType = text.xcconfig; name = "Pods-A day is no longer 24 hours.release.xcconfig"; path = "Target Support Files/Pods-A day is no longer 24 hours/Pods-A day is no longer 24 hours.release.xcconfig"; sourceTree = "<group>"; };
/* End PBXFileReference section */

/* Begin PBXFrameworksBuildPhase section */
		57C138392AC5496500277597 /* Frameworks */ = {
			isa = PBXFrameworksBuildPhase;
			buildActionMask = 2147483647;
			files = (
				57D5FA562B14814B00A76420 /* RxRelay in Frameworks */,
				57F616CB2ADC1B81007C7C4C /* Realm in Frameworks */,
				57D5FA582B14814B00A76420 /* RxSwift in Frameworks */,
				57F616C22ADC1A4B007C7C4C /* SnapKit in Frameworks */,
				57F616CD2ADC1B81007C7C4C /* RealmSwift in Frameworks */,
				57F616C52ADC1A5A007C7C4C /* IQKeyboardManagerSwift in Frameworks */,
				925471F8AA058F559FDE2613 /* Pods_A_day_is_no_longer_24_hours.framework in Frameworks */,
				57F616C82ADC1A8C007C7C4C /* FSCalendar in Frameworks */,
				57D5FA542B14814B00A76420 /* RxCocoa in Frameworks */,
				57F616BF2ADC1A28007C7C4C /* HGCircularSlider in Frameworks */,
			);
			runOnlyForDeploymentPostprocessing = 0;
		};
/* End PBXFrameworksBuildPhase section */

/* Begin PBXGroup section */
		2745AC5FC5A8CEBE82A61A31 /* Frameworks */ = {
			isa = PBXGroup;
			children = (
				6325C6645600D66DA722265B /* Pods_A_day_is_no_longer_24_hours.framework */,
			);
			name = Frameworks;
			sourceTree = "<group>";
		};
		5714F4982AC8463200D55041 /* Scene */ = {
			isa = PBXGroup;
			children = (
				57F616BA2ADB09C1007C7C4C /* Onboarding */,
				57ECC6EC2AD7D901009E22BE /* DefaultTimeConfig */,
				57F616AF2AD8573D007C7C4C /* DefaultDivideCofig */,
				57D55ABB2AEFF6210020C4AF /* TabBar */,
				5714F4AB2AC851D900D55041 /* Schedule */,
				578907AD2ADEABD700FF5274 /* DayDivide */,
				57EF5B4C2AE268240059ECC4 /* TodoAdd */,
				573C68902AE1639A0039217C /* DayDividedSelect */,
				573C68972AE18E190039217C /* TodoTimeSetting */,
				57EF5B552AE432EF0059ECC4 /* TodoContentWriting */,
				57D55AB02AEFD7980020C4AF /* Setting */,
			);
			path = Scene;
			sourceTree = "<group>";
		};
		5714F4992AC8463A00D55041 /* Utility */ = {
			isa = PBXGroup;
			children = (
				5714F4A12AC8487900D55041 /* CustomObservable.swift */,
				570C37D32AEBB2FF009BE9AA /* TinderBarLayout.swift */,
				570C37D52AEBB34C009BE9AA /* TinderBarButton.swift */,
				570C37D72AEBB3C5009BE9AA /* TinderBarButtonContainer.swift */,
				57DDC6C22AEBC1A100D902A8 /* TinderBar.swift */,
				57DDC6C62AEBC24000D902A8 /* TinderColors.swift */,
				57DDC6C42AEBC20000D902A8 /* UIColor+Interpolation.swift */,
			);
			path = Utility;
			sourceTree = "<group>";
		};
		5714F49A2AC8465600D55041 /* Network */ = {
			isa = PBXGroup;
			children = (
			);
			path = Network;
			sourceTree = "<group>";
		};
		5714F49B2AC8467400D55041 /* Constraints */ = {
			isa = PBXGroup;
			children = (
				5714F4A72AC84C0E00D55041 /* Constraints.swift */,
			);
			path = Constraints;
			sourceTree = "<group>";
		};
		5714F49C2AC8469D00D55041 /* Extension */ = {
			isa = PBXGroup;
			children = (
				570C37D12AEA85E9009BE9AA /* NSNotification.swift */,
			);
			path = Extension;
			sourceTree = "<group>";
		};
		5714F49D2AC8474300D55041 /* Base */ = {
			isa = PBXGroup;
			children = (
				57D5FA592B14833400A76420 /* Base.swift */,
				5714F4D82AC90F0E00D55041 /* BaseButton.swift */,
				5714F4C52AC8620300D55041 /* BaseCollectionReusableView.swift */,
				5714F4C72AC8651F00D55041 /* BaseCollectionViewCell.swift */,
				5714F4DF2AC9143F00D55041 /* BaseImageView.swift */,
				5714F4D12AC867ED00D55041 /* BaseLabel.swift */,
				57EF5B582AE4E5F70059ECC4 /* BaseTableViewCell.swift */,
				57EF5B5A2AE4E6AE0059ECC4 /* BaseTableViewHeaderFooterView.swift */,
				5714F4CB2AC866A000D55041 /* BaseView.swift */,
				5714F4A32AC849B700D55041 /* BaseViewController.swift */,
				5714F4E32AC9266A00D55041 /* ViewIdentifiable.swift */,
				57D5FA5F2B1486D500A76420 /* ViewModelType.swift */,
			);
			path = Base;
			sourceTree = "<group>";
		};
		5714F49E2AC8474900D55041 /* Repository */ = {
			isa = PBXGroup;
			children = (
				57F616B42AD9B3E8007C7C4C /* DefaultDayConfiguration.swift */,
				573C688C2AE158A80039217C /* UseDay.swift */,
				57EF5B722AE6A4100059ECC4 /* DividedDay.swift */,
				57EF5B702AE6A3D60059ECC4 /* Todo.swift */,
				5724C80C2AE798B400C7B92A /* RealmRepository.swift */,
			);
			path = Repository;
			sourceTree = "<group>";
		};
		5714F49F2AC8477100D55041 /* Cell */ = {
			isa = PBXGroup;
			children = (
				5714F4BB2AC85FF700D55041 /* DetailTodoCell.swift */,
				57C714072AD2E78300DF57D2 /* DIYCalendarCell.swift */,
			);
			path = Cell;
			sourceTree = "<group>";
		};
		5714F4A02AC8479300D55041 /* View+ */ = {
			isa = PBXGroup;
			children = (
				5714F4D52AC90ED800D55041 /* Button */,
				5714F49F2AC8477100D55041 /* Cell */,
				5714F4BE2AC8600E00D55041 /* Footer */,
				5714F4BD2AC8600900D55041 /* Header */,
				5714F4DC2AC9141400D55041 /* ImageView */,
				5714F4CD2AC8678700D55041 /* Label */,
				5714F4CE2AC867BC00D55041 /* View */,
			);
			path = "View+";
			sourceTree = "<group>";
		};
		5714F4AB2AC851D900D55041 /* Schedule */ = {
			isa = PBXGroup;
			children = (
				5714F4AC2AC851E000D55041 /* View */,
				5714F4AD2AC851ED00D55041 /* ViewModel */,
			);
			path = Schedule;
			sourceTree = "<group>";
		};
		5714F4AC2AC851E000D55041 /* View */ = {
			isa = PBXGroup;
			children = (
				570C37C92AE7A2AE009BE9AA /* ScheduleMainView.swift */,
				5714F4A92AC851D400D55041 /* ScheduleViewController.swift */,
			);
			path = View;
			sourceTree = "<group>";
		};
		5714F4AD2AC851ED00D55041 /* ViewModel */ = {
			isa = PBXGroup;
			children = (
				5714F4B42AC8531900D55041 /* ScheduleViewModel.swift */,
			);
			path = ViewModel;
			sourceTree = "<group>";
		};
		5714F4BD2AC8600900D55041 /* Header */ = {
			isa = PBXGroup;
			children = (
				5714F4BF2AC8609100D55041 /* SimpleTodoHeader.swift */,
				5714F4C12AC860B000D55041 /* DetailTodoHeader.swift */,
				573490272AE0F40600CA1A9D /* StartStandardTodoHeader.swift */,
				573490292AE10C1E00CA1A9D /* EndStandardTodoHeader.swift */,
			);
			path = Header;
			sourceTree = "<group>";
		};
		5714F4BE2AC8600E00D55041 /* Footer */ = {
			isa = PBXGroup;
			children = (
				5714F4C32AC860E900D55041 /* DetailTodoFooter.swift */,
			);
			path = Footer;
			sourceTree = "<group>";
		};
		5714F4CD2AC8678700D55041 /* Label */ = {
			isa = PBXGroup;
			children = (
				5714F4CF2AC867E400D55041 /* TimeLabel.swift */,
				5714F4D32AC86C9E00D55041 /* TitleLabel.swift */,
			);
			path = Label;
			sourceTree = "<group>";
		};
		5714F4CE2AC867BC00D55041 /* View */ = {
			isa = PBXGroup;
			children = (
				5714F4C92AC8668000D55041 /* LineView.swift */,
				575BA9652AD434DA0058FDC2 /* LabelDatePickerView.swift */,
				575BA9672AD435200058FDC2 /* LabelPickerView.swift */,
				57ECC6D02AD5A917009E22BE /* LabelTimePickerView.swift */,
				57ECC6D22AD6B95D009E22BE /* TimeSettingView.swift */,
			);
			path = View;
			sourceTree = "<group>";
		};
		5714F4D52AC90ED800D55041 /* Button */ = {
			isa = PBXGroup;
			children = (
				5714F4D62AC90EF000D55041 /* StateButton.swift */,
				5714F4E52AC9BB9900D55041 /* ExpandButton.swift */,
			);
			path = Button;
			sourceTree = "<group>";
		};
		5714F4DC2AC9141400D55041 /* ImageView */ = {
			isa = PBXGroup;
			children = (
				5714F4DD2AC9142900D55041 /* CircleImageView.swift */,
			);
			path = ImageView;
			sourceTree = "<group>";
		};
		573C68902AE1639A0039217C /* DayDividedSelect */ = {
			isa = PBXGroup;
			children = (
				573C68912AE163A90039217C /* View */,
				573C68922AE163B00039217C /* ViewModel */,
			);
			path = DayDividedSelect;
			sourceTree = "<group>";
		};
		573C68912AE163A90039217C /* View */ = {
			isa = PBXGroup;
			children = (
				570C37CB2AE7D7D2009BE9AA /* DayDividedSelectMainView.swift */,
				573C688E2AE163680039217C /* DayDividedSelectViewController.swift */,
			);
			path = View;
			sourceTree = "<group>";
		};
		573C68922AE163B00039217C /* ViewModel */ = {
			isa = PBXGroup;
			children = (
				573C68932AE163C30039217C /* DayDividedSelectViewModel.swift */,
			);
			path = ViewModel;
			sourceTree = "<group>";
		};
		573C68972AE18E190039217C /* TodoTimeSetting */ = {
			isa = PBXGroup;
			children = (
				573C68982AE18E230039217C /* View */,
				573C689B2AE18E400039217C /* ViewModel */,
			);
			path = TodoTimeSetting;
			sourceTree = "<group>";
		};
		573C68982AE18E230039217C /* View */ = {
			isa = PBXGroup;
			children = (
				57EF5B4A2AE25A370059ECC4 /* TodoTimeSettingMainView.swift */,
				573C68952AE18E160039217C /* TodoTimeSettingsViewController.swift */,
			);
			path = View;
			sourceTree = "<group>";
		};
		573C689B2AE18E400039217C /* ViewModel */ = {
			isa = PBXGroup;
			children = (
				573C68992AE18E3C0039217C /* TodoTimeSettingViewModel.swift */,
			);
			path = ViewModel;
			sourceTree = "<group>";
		};
		578907AD2ADEABD700FF5274 /* DayDivide */ = {
			isa = PBXGroup;
			children = (
				578907AE2ADEABED00FF5274 /* View */,
				578907B22ADEAC2400FF5274 /* ViewModel */,
			);
			path = DayDivide;
			sourceTree = "<group>";
		};
		578907AE2ADEABED00FF5274 /* View */ = {
			isa = PBXGroup;
			children = (
				578907AF2ADEABF500FF5274 /* Container */,
				578907B12ADEAC0B00FF5274 /* Content */,
			);
			path = View;
			sourceTree = "<group>";
		};
		578907AF2ADEABF500FF5274 /* Container */ = {
			isa = PBXGroup;
			children = (
				578907AB2ADEAB1500FF5274 /* DayDivideCotainerViewController.swift */,
			);
			path = Container;
			sourceTree = "<group>";
		};
		578907B12ADEAC0B00FF5274 /* Content */ = {
			isa = PBXGroup;
			children = (
				570FE7132AE0AD4100ECE726 /* DayDivideContentViewController.swift */,
			);
			path = Content;
			sourceTree = "<group>";
		};
		578907B22ADEAC2400FF5274 /* ViewModel */ = {
			isa = PBXGroup;
			children = (
				578907B32ADEAC2E00FF5274 /* Container */,
				578907B42ADEAC3400FF5274 /* Content */,
			);
			path = ViewModel;
			sourceTree = "<group>";
		};
		578907B32ADEAC2E00FF5274 /* Container */ = {
			isa = PBXGroup;
			children = (
				578907B52ADEAC4900FF5274 /* DayDivideContainerViewModel.swift */,
			);
			path = Container;
			sourceTree = "<group>";
		};
		578907B42ADEAC3400FF5274 /* Content */ = {
			isa = PBXGroup;
			children = (
				576B10B82AE0B2390000C577 /* DayDivideContentViewModel.swift */,
			);
			path = Content;
			sourceTree = "<group>";
		};
		57C138332AC5496500277597 = {
			isa = PBXGroup;
			children = (
				57C1383E2AC5496500277597 /* A day is no longer 24 hours */,
				57C1383D2AC5496500277597 /* Products */,
				602B847BCC1AA997A3962614 /* Pods */,
				2745AC5FC5A8CEBE82A61A31 /* Frameworks */,
			);
			sourceTree = "<group>";
		};
		57C1383D2AC5496500277597 /* Products */ = {
			isa = PBXGroup;
			children = (
				57C1383C2AC5496500277597 /* A day is no longer 24 hours.app */,
			);
			name = Products;
			sourceTree = "<group>";
		};
		57C1383E2AC5496500277597 /* A day is no longer 24 hours */ = {
			isa = PBXGroup;
			children = (
				5714F49D2AC8474300D55041 /* Base */,
				5714F49B2AC8467400D55041 /* Constraints */,
				5714F49C2AC8469D00D55041 /* Extension */,
				5714F49A2AC8465600D55041 /* Network */,
				5714F49E2AC8474900D55041 /* Repository */,
				5714F4982AC8463200D55041 /* Scene */,
				57C714022AD2DAEB00DF57D2 /* DateBranch */,
				5714F4992AC8463A00D55041 /* Utility */,
				5714F4A02AC8479300D55041 /* View+ */,
				57C1383F2AC5496500277597 /* AppDelegate.swift */,
				57C138412AC5496500277597 /* SceneDelegate.swift */,
				57C138482AC5496A00277597 /* Assets.xcassets */,
				57C1384A2AC5496A00277597 /* LaunchScreen.storyboard */,
				57C1384D2AC5496A00277597 /* Info.plist */,
			);
			path = "A day is no longer 24 hours";
			sourceTree = "<group>";
		};
		57C714022AD2DAEB00DF57D2 /* DateBranch */ = {
			isa = PBXGroup;
			children = (
				57C714032AD2DB1F00DF57D2 /* View */,
				57C714042AD2DB2800DF57D2 /* ViewModel */,
			);
			path = DateBranch;
			sourceTree = "<group>";
		};
		57C714032AD2DB1F00DF57D2 /* View */ = {
			isa = PBXGroup;
			children = (
				57C714002AD2D6E400DF57D2 /* DateBranchViewController.swift */,
			);
			path = View;
			sourceTree = "<group>";
		};
		57C714042AD2DB2800DF57D2 /* ViewModel */ = {
			isa = PBXGroup;
			children = (
				57C714052AD2DB3F00DF57D2 /* DateBranchViewModel.swift */,
			);
			path = ViewModel;
			sourceTree = "<group>";
		};
		57D55AB02AEFD7980020C4AF /* Setting */ = {
			isa = PBXGroup;
			children = (
				57D55AB72AEFE2790020C4AF /* View */,
				57D55AB82AEFE27E0020C4AF /* ViewModel */,
			);
			path = Setting;
			sourceTree = "<group>";
		};
		57D55AB72AEFE2790020C4AF /* View */ = {
			isa = PBXGroup;
			children = (
				57D55AB52AEFE1740020C4AF /* SettingMainView.swift */,
				57D55AB12AEFD7AE0020C4AF /* SettingViewController.swift */,
			);
			path = View;
			sourceTree = "<group>";
		};
		57D55AB82AEFE27E0020C4AF /* ViewModel */ = {
			isa = PBXGroup;
			children = (
				57D55AB32AEFD7CB0020C4AF /* SettingViewModel.swift */,
			);
			path = ViewModel;
			sourceTree = "<group>";
		};
		57D55ABB2AEFF6210020C4AF /* TabBar */ = {
			isa = PBXGroup;
			children = (
				57D55ABC2AEFF6270020C4AF /* View */,
			);
			path = TabBar;
			sourceTree = "<group>";
		};
		57D55ABC2AEFF6270020C4AF /* View */ = {
			isa = PBXGroup;
			children = (
				57D55AB92AEFF0CC0020C4AF /* TabBarController .swift */,
			);
			path = View;
			sourceTree = "<group>";
		};
		57ECC6EC2AD7D901009E22BE /* DefaultTimeConfig */ = {
			isa = PBXGroup;
			children = (
				57ECC6ED2AD7D90C009E22BE /* View */,
				57ECC6EE2AD7D913009E22BE /* ViewModel */,
			);
			path = DefaultTimeConfig;
			sourceTree = "<group>";
		};
		57ECC6ED2AD7D90C009E22BE /* View */ = {
			isa = PBXGroup;
			children = (
				57F170C92ADE6260008B20C7 /* DefaultTimeConfigMainView.swift */,
				57ECC6EA2AD7D8EA009E22BE /* DefaultTimeConfigViewController.swift */,
			);
			path = View;
			sourceTree = "<group>";
		};
		57ECC6EE2AD7D913009E22BE /* ViewModel */ = {
			isa = PBXGroup;
			children = (
				57ECC6EF2AD7D922009E22BE /* DefaultTimeConfigViewModel.swift */,
			);
			path = ViewModel;
			sourceTree = "<group>";
		};
		57EF5B4C2AE268240059ECC4 /* TodoAdd */ = {
			isa = PBXGroup;
			children = (
				57EF5B4F2AE268EC0059ECC4 /* View */,
				57EF5B522AE268FE0059ECC4 /* ViewModel */,
			);
			path = TodoAdd;
			sourceTree = "<group>";
		};
		57EF5B4F2AE268EC0059ECC4 /* View */ = {
			isa = PBXGroup;
			children = (
				57EF5B4D2AE2683E0059ECC4 /* TodoAddContainerViewController.swift */,
			);
			path = View;
			sourceTree = "<group>";
		};
		57EF5B522AE268FE0059ECC4 /* ViewModel */ = {
			isa = PBXGroup;
			children = (
				57EF5B502AE268FB0059ECC4 /* TodoAddViewModel.swift */,
			);
			path = ViewModel;
			sourceTree = "<group>";
		};
		57EF5B552AE432EF0059ECC4 /* TodoContentWriting */ = {
			isa = PBXGroup;
			children = (
				57EF5B5F2AE51F090059ECC4 /* View */,
				57EF5B5E2AE51F000059ECC4 /* ViewModel */,
			);
			path = TodoContentWriting;
			sourceTree = "<group>";
		};
		57EF5B5E2AE51F000059ECC4 /* ViewModel */ = {
			isa = PBXGroup;
			children = (
				57EF5B5C2AE51EFC0059ECC4 /* TodoContentWritingViewModel.swift */,
			);
			path = ViewModel;
			sourceTree = "<group>";
		};
		57EF5B5F2AE51F090059ECC4 /* View */ = {
			isa = PBXGroup;
			children = (
				57EF5B562AE444950059ECC4 /* TodoContentWritingMainView.swift */,
				57EF5B532AE432D30059ECC4 /* TodoContentWritingViewController.swift */,
				57EF5B602AE533220059ECC4 /* TableView */,
			);
			path = View;
			sourceTree = "<group>";
		};
		57EF5B602AE533220059ECC4 /* TableView */ = {
			isa = PBXGroup;
			children = (
				57EF5B612AE5334C0059ECC4 /* TodoContentWritingTableHeaderView.swift */,
				57EF5B652AE533760059ECC4 /* TodoDetailTodoWritingCell.swift */,
				57EF5B672AE533950059ECC4 /* TodoDetailTodoWritingAddHeader.swift */,
				57EF5B692AE533AA0059ECC4 /* TodoDetailTodoWritingAddFooter.swift */,
			);
			path = TableView;
			sourceTree = "<group>";
		};
		57F616AF2AD8573D007C7C4C /* DefaultDivideCofig */ = {
			isa = PBXGroup;
			children = (
				57F616B02AD85743007C7C4C /* View */,
				57F616B12AD85749007C7C4C /* ViewModel */,
			);
			path = DefaultDivideCofig;
			sourceTree = "<group>";
		};
		57F616B02AD85743007C7C4C /* View */ = {
			isa = PBXGroup;
			children = (
				578907A92ADE963D00FF5274 /* DefaultDivideConfigMainView.swift */,
				57F616AD2AD856F8007C7C4C /* DefaultDivideConfigViewController.swift */,
			);
			path = View;
			sourceTree = "<group>";
		};
		57F616B12AD85749007C7C4C /* ViewModel */ = {
			isa = PBXGroup;
			children = (
				57F616B22AD85753007C7C4C /* DefaultDivideCofigViewModel.swift */,
			);
			path = ViewModel;
			sourceTree = "<group>";
		};
		57F616BA2ADB09C1007C7C4C /* Onboarding */ = {
			isa = PBXGroup;
			children = (
				57F616BB2ADB09D7007C7C4C /* View */,
				57F616BC2ADB09E5007C7C4C /* ViewModel */,
			);
			path = Onboarding;
			sourceTree = "<group>";
		};
		57F616BB2ADB09D7007C7C4C /* View */ = {
			isa = PBXGroup;
			children = (
				57F616B62AD9B9D5007C7C4C /* OnboardingTabViewController.swift */,
			);
			path = View;
			sourceTree = "<group>";
		};
		57F616BC2ADB09E5007C7C4C /* ViewModel */ = {
			isa = PBXGroup;
			children = (
				57F616B82ADA792E007C7C4C /* OnboardingViewModel.swift */,
			);
			path = ViewModel;
			sourceTree = "<group>";
		};
		602B847BCC1AA997A3962614 /* Pods */ = {
			isa = PBXGroup;
			children = (
				699704C0E154EFA3F0B65183 /* Pods-A day is no longer 24 hours.debug.xcconfig */,
				DBD42A7EE31B10218A333749 /* Pods-A day is no longer 24 hours.release.xcconfig */,
			);
			path = Pods;
			sourceTree = "<group>";
		};
/* End PBXGroup section */

/* Begin PBXNativeTarget section */
		57C1383B2AC5496500277597 /* A day is no longer 24 hours */ = {
			isa = PBXNativeTarget;
			buildConfigurationList = 57C138502AC5496A00277597 /* Build configuration list for PBXNativeTarget "A day is no longer 24 hours" */;
			buildPhases = (
				4B7CF07F8D6BACA58BBAB6C9 /* [CP] Check Pods Manifest.lock */,
				57C138382AC5496500277597 /* Sources */,
				57C138392AC5496500277597 /* Frameworks */,
				57C1383A2AC5496500277597 /* Resources */,
				6641AB3A70F8881F092EDE85 /* [CP] Embed Pods Frameworks */,
			);
			buildRules = (
			);
			dependencies = (
			);
			name = "A day is no longer 24 hours";
			packageProductDependencies = (
				57F616BE2ADC1A28007C7C4C /* HGCircularSlider */,
				57F616C12ADC1A4B007C7C4C /* SnapKit */,
				57F616C42ADC1A5A007C7C4C /* IQKeyboardManagerSwift */,
				57F616C72ADC1A8C007C7C4C /* FSCalendar */,
				57F616CA2ADC1B81007C7C4C /* Realm */,
				57F616CC2ADC1B81007C7C4C /* RealmSwift */,
				57D5FA532B14814B00A76420 /* RxCocoa */,
				57D5FA552B14814B00A76420 /* RxRelay */,
				57D5FA572B14814B00A76420 /* RxSwift */,
			);
			productName = "A day is no longer 24 hours";
			productReference = 57C1383C2AC5496500277597 /* A day is no longer 24 hours.app */;
			productType = "com.apple.product-type.application";
		};
/* End PBXNativeTarget section */

/* Begin PBXProject section */
		57C138342AC5496500277597 /* Project object */ = {
			isa = PBXProject;
			attributes = {
				BuildIndependentTargetsInParallel = 1;
				LastSwiftUpdateCheck = 1420;
				LastUpgradeCheck = 1420;
				TargetAttributes = {
					57C1383B2AC5496500277597 = {
						CreatedOnToolsVersion = 14.2;
					};
				};
			};
			buildConfigurationList = 57C138372AC5496500277597 /* Build configuration list for PBXProject "A day is no longer 24 hours" */;
			compatibilityVersion = "Xcode 14.0";
			developmentRegion = en;
			hasScannedForEncodings = 0;
			knownRegions = (
				en,
				Base,
			);
			mainGroup = 57C138332AC5496500277597;
			packageReferences = (
				57F616BD2ADC1A28007C7C4C /* XCRemoteSwiftPackageReference "HGCircularSlider" */,
				57F616C02ADC1A4B007C7C4C /* XCRemoteSwiftPackageReference "SnapKit" */,
				57F616C32ADC1A5A007C7C4C /* XCRemoteSwiftPackageReference "IQKeyboardManager" */,
				57F616C62ADC1A8C007C7C4C /* XCRemoteSwiftPackageReference "FSCalendar" */,
				57F616C92ADC1B81007C7C4C /* XCRemoteSwiftPackageReference "realm-swift" */,
				57D5FA522B14814B00A76420 /* XCRemoteSwiftPackageReference "RxSwift" */,
			);
			productRefGroup = 57C1383D2AC5496500277597 /* Products */;
			projectDirPath = "";
			projectRoot = "";
			targets = (
				57C1383B2AC5496500277597 /* A day is no longer 24 hours */,
			);
		};
/* End PBXProject section */

/* Begin PBXResourcesBuildPhase section */
		57C1383A2AC5496500277597 /* Resources */ = {
			isa = PBXResourcesBuildPhase;
			buildActionMask = 2147483647;
			files = (
				57C1384C2AC5496A00277597 /* LaunchScreen.storyboard in Resources */,
				57C138492AC5496A00277597 /* Assets.xcassets in Resources */,
			);
			runOnlyForDeploymentPostprocessing = 0;
		};
/* End PBXResourcesBuildPhase section */

/* Begin PBXShellScriptBuildPhase section */
		4B7CF07F8D6BACA58BBAB6C9 /* [CP] Check Pods Manifest.lock */ = {
			isa = PBXShellScriptBuildPhase;
			buildActionMask = 2147483647;
			files = (
			);
			inputFileListPaths = (
			);
			inputPaths = (
				"${PODS_PODFILE_DIR_PATH}/Podfile.lock",
				"${PODS_ROOT}/Manifest.lock",
			);
			name = "[CP] Check Pods Manifest.lock";
			outputFileListPaths = (
			);
			outputPaths = (
				"$(DERIVED_FILE_DIR)/Pods-A day is no longer 24 hours-checkManifestLockResult.txt",
			);
			runOnlyForDeploymentPostprocessing = 0;
			shellPath = /bin/sh;
			shellScript = "diff \"${PODS_PODFILE_DIR_PATH}/Podfile.lock\" \"${PODS_ROOT}/Manifest.lock\" > /dev/null\nif [ $? != 0 ] ; then\n    # print error to STDERR\n    echo \"error: The sandbox is not in sync with the Podfile.lock. Run 'pod install' or update your CocoaPods installation.\" >&2\n    exit 1\nfi\n# This output is used by Xcode 'outputs' to avoid re-running this script phase.\necho \"SUCCESS\" > \"${SCRIPT_OUTPUT_FILE_0}\"\n";
			showEnvVarsInLog = 0;
		};
		6641AB3A70F8881F092EDE85 /* [CP] Embed Pods Frameworks */ = {
			isa = PBXShellScriptBuildPhase;
			buildActionMask = 2147483647;
			files = (
			);
			inputFileListPaths = (
				"${PODS_ROOT}/Target Support Files/Pods-A day is no longer 24 hours/Pods-A day is no longer 24 hours-frameworks-${CONFIGURATION}-input-files.xcfilelist",
			);
			name = "[CP] Embed Pods Frameworks";
			outputFileListPaths = (
				"${PODS_ROOT}/Target Support Files/Pods-A day is no longer 24 hours/Pods-A day is no longer 24 hours-frameworks-${CONFIGURATION}-output-files.xcfilelist",
			);
			runOnlyForDeploymentPostprocessing = 0;
			shellPath = /bin/sh;
			shellScript = "\"${PODS_ROOT}/Target Support Files/Pods-A day is no longer 24 hours/Pods-A day is no longer 24 hours-frameworks.sh\"\n";
			showEnvVarsInLog = 0;
		};
/* End PBXShellScriptBuildPhase section */

/* Begin PBXSourcesBuildPhase section */
		57C138382AC5496500277597 /* Sources */ = {
			isa = PBXSourcesBuildPhase;
			buildActionMask = 2147483647;
			files = (
				5714F4DE2AC9142900D55041 /* CircleImageView.swift in Sources */,
				57EF5B512AE268FB0059ECC4 /* TodoAddViewModel.swift in Sources */,
				57F616B52AD9B3E8007C7C4C /* DefaultDayConfiguration.swift in Sources */,
				57ECC6F02AD7D922009E22BE /* DefaultTimeConfigViewModel.swift in Sources */,
				5714F4BC2AC85FF700D55041 /* DetailTodoCell.swift in Sources */,
				570C37D62AEBB34C009BE9AA /* TinderBarButton.swift in Sources */,
				57EF5B4B2AE25A370059ECC4 /* TodoTimeSettingMainView.swift in Sources */,
				5714F4D72AC90EF000D55041 /* StateButton.swift in Sources */,
				57D55AB42AEFD7CB0020C4AF /* SettingViewModel.swift in Sources */,
				5714F4D22AC867ED00D55041 /* BaseLabel.swift in Sources */,
				57F616AE2AD856F8007C7C4C /* DefaultDivideConfigViewController.swift in Sources */,
				57F616B72AD9B9D5007C7C4C /* OnboardingTabViewController.swift in Sources */,
				57C714012AD2D6E400DF57D2 /* DateBranchViewController.swift in Sources */,
				57F616B32AD85753007C7C4C /* DefaultDivideCofigViewModel.swift in Sources */,
				57EF5B662AE533760059ECC4 /* TodoDetailTodoWritingCell.swift in Sources */,
				57F170CA2ADE6260008B20C7 /* DefaultTimeConfigMainView.swift in Sources */,
				57EF5B542AE432D30059ECC4 /* TodoContentWritingViewController.swift in Sources */,
				573C688F2AE163680039217C /* DayDividedSelectViewController.swift in Sources */,
				57EF5B572AE444950059ECC4 /* TodoContentWritingMainView.swift in Sources */,
				57DDC6C72AEBC24000D902A8 /* TinderColors.swift in Sources */,
				5714F4D02AC867E400D55041 /* TimeLabel.swift in Sources */,
				570FE7142AE0AD4100ECE726 /* DayDivideContentViewController.swift in Sources */,
				5714F4E62AC9BB9900D55041 /* ExpandButton.swift in Sources */,
				5714F4C82AC8651F00D55041 /* BaseCollectionViewCell.swift in Sources */,
				57DDC6C52AEBC20000D902A8 /* UIColor+Interpolation.swift in Sources */,
				573C689A2AE18E3C0039217C /* TodoTimeSettingViewModel.swift in Sources */,
				576B10B92AE0B2390000C577 /* DayDivideContentViewModel.swift in Sources */,
				570C37D42AEBB300009BE9AA /* TinderBarLayout.swift in Sources */,
				578907B62ADEAC4900FF5274 /* DayDivideContainerViewModel.swift in Sources */,
				5734902A2AE10C1E00CA1A9D /* EndStandardTodoHeader.swift in Sources */,
				5714F4C22AC860B000D55041 /* DetailTodoHeader.swift in Sources */,
				570C37CA2AE7A2AE009BE9AA /* ScheduleMainView.swift in Sources */,
				57D5FA5A2B14833400A76420 /* Base.swift in Sources */,
				57D55AB62AEFE1740020C4AF /* SettingMainView.swift in Sources */,
				57ECC6EB2AD7D8EA009E22BE /* DefaultTimeConfigViewController.swift in Sources */,
				57C138402AC5496500277597 /* AppDelegate.swift in Sources */,
				5714F4A42AC849B700D55041 /* BaseViewController.swift in Sources */,
				5714F4A82AC84C0E00D55041 /* Constraints.swift in Sources */,
				57D55ABA2AEFF0CC0020C4AF /* TabBarController .swift in Sources */,
				57D55AB22AEFD7AE0020C4AF /* SettingViewController.swift in Sources */,
				57DDC6C32AEBC1A100D902A8 /* TinderBar.swift in Sources */,
				57C714082AD2E78300DF57D2 /* DIYCalendarCell.swift in Sources */,
				57F616B92ADA792E007C7C4C /* OnboardingViewModel.swift in Sources */,
				57EF5B5D2AE51EFC0059ECC4 /* TodoContentWritingViewModel.swift in Sources */,
				57EF5B732AE6A4100059ECC4 /* DividedDay.swift in Sources */,
				5714F4C62AC8620300D55041 /* BaseCollectionReusableView.swift in Sources */,
				570C37CC2AE7D7D2009BE9AA /* DayDividedSelectMainView.swift in Sources */,
				5714F4D92AC90F0E00D55041 /* BaseButton.swift in Sources */,
				570C37D22AEA85E9009BE9AA /* NSNotification.swift in Sources */,
				575BA9682AD435200058FDC2 /* LabelPickerView.swift in Sources */,
				57EF5B592AE4E5F70059ECC4 /* BaseTableViewCell.swift in Sources */,
				570C37D82AEBB3C5009BE9AA /* TinderBarButtonContainer.swift in Sources */,
				5714F4B52AC8531900D55041 /* ScheduleViewModel.swift in Sources */,
				5714F4CA2AC8668000D55041 /* LineView.swift in Sources */,
				573490282AE0F40600CA1A9D /* StartStandardTodoHeader.swift in Sources */,
				575BA9662AD434DA0058FDC2 /* LabelDatePickerView.swift in Sources */,
				5714F4C02AC8609100D55041 /* SimpleTodoHeader.swift in Sources */,
				573C68942AE163C30039217C /* DayDividedSelectViewModel.swift in Sources */,
				5714F4AA2AC851D400D55041 /* ScheduleViewController.swift in Sources */,
				57D5FA602B1486D500A76420 /* ViewModelType.swift in Sources */,
				57EF5B6A2AE533AA0059ECC4 /* TodoDetailTodoWritingAddFooter.swift in Sources */,
				57ECC6D12AD5A917009E22BE /* LabelTimePickerView.swift in Sources */,
				5714F4C42AC860E900D55041 /* DetailTodoFooter.swift in Sources */,
				57EF5B622AE5334C0059ECC4 /* TodoContentWritingTableHeaderView.swift in Sources */,
				57ECC6D32AD6B95D009E22BE /* TimeSettingView.swift in Sources */,
				5714F4D42AC86C9E00D55041 /* TitleLabel.swift in Sources */,
				578907AA2ADE963E00FF5274 /* DefaultDivideConfigMainView.swift in Sources */,
				57EF5B712AE6A3D60059ECC4 /* Todo.swift in Sources */,
				57EF5B682AE533950059ECC4 /* TodoDetailTodoWritingAddHeader.swift in Sources */,
				57C714062AD2DB3F00DF57D2 /* DateBranchViewModel.swift in Sources */,
				5714F4A22AC8487900D55041 /* CustomObservable.swift in Sources */,
				57C138422AC5496500277597 /* SceneDelegate.swift in Sources */,
				5714F4E42AC9266A00D55041 /* ViewIdentifiable.swift in Sources */,
				5724C80D2AE798B400C7B92A /* RealmRepository.swift in Sources */,
				57EF5B4E2AE2683F0059ECC4 /* TodoAddContainerViewController.swift in Sources */,
				5714F4E02AC9143F00D55041 /* BaseImageView.swift in Sources */,
				573C68962AE18E160039217C /* TodoTimeSettingsViewController.swift in Sources */,
				5714F4CC2AC866A000D55041 /* BaseView.swift in Sources */,
				57EF5B5B2AE4E6AE0059ECC4 /* BaseTableViewHeaderFooterView.swift in Sources */,
				578907AC2ADEAB1500FF5274 /* DayDivideCotainerViewController.swift in Sources */,
				573C688D2AE158A80039217C /* UseDay.swift in Sources */,
			);
			runOnlyForDeploymentPostprocessing = 0;
		};
/* End PBXSourcesBuildPhase section */

/* Begin PBXVariantGroup section */
		57C1384A2AC5496A00277597 /* LaunchScreen.storyboard */ = {
			isa = PBXVariantGroup;
			children = (
				57C1384B2AC5496A00277597 /* Base */,
			);
			name = LaunchScreen.storyboard;
			sourceTree = "<group>";
		};
/* End PBXVariantGroup section */

/* Begin XCBuildConfiguration section */
		57C1384E2AC5496A00277597 /* Debug */ = {
			isa = XCBuildConfiguration;
			buildSettings = {
				ALWAYS_SEARCH_USER_PATHS = NO;
				CLANG_ANALYZER_NONNULL = YES;
				CLANG_ANALYZER_NUMBER_OBJECT_CONVERSION = YES_AGGRESSIVE;
				CLANG_CXX_LANGUAGE_STANDARD = "gnu++20";
				CLANG_ENABLE_MODULES = YES;
				CLANG_ENABLE_OBJC_ARC = YES;
				CLANG_ENABLE_OBJC_WEAK = YES;
				CLANG_WARN_BLOCK_CAPTURE_AUTORELEASING = YES;
				CLANG_WARN_BOOL_CONVERSION = YES;
				CLANG_WARN_COMMA = YES;
				CLANG_WARN_CONSTANT_CONVERSION = YES;
				CLANG_WARN_DEPRECATED_OBJC_IMPLEMENTATIONS = YES;
				CLANG_WARN_DIRECT_OBJC_ISA_USAGE = YES_ERROR;
				CLANG_WARN_DOCUMENTATION_COMMENTS = YES;
				CLANG_WARN_EMPTY_BODY = YES;
				CLANG_WARN_ENUM_CONVERSION = YES;
				CLANG_WARN_INFINITE_RECURSION = YES;
				CLANG_WARN_INT_CONVERSION = YES;
				CLANG_WARN_NON_LITERAL_NULL_CONVERSION = YES;
				CLANG_WARN_OBJC_IMPLICIT_RETAIN_SELF = YES;
				CLANG_WARN_OBJC_LITERAL_CONVERSION = YES;
				CLANG_WARN_OBJC_ROOT_CLASS = YES_ERROR;
				CLANG_WARN_QUOTED_INCLUDE_IN_FRAMEWORK_HEADER = YES;
				CLANG_WARN_RANGE_LOOP_ANALYSIS = YES;
				CLANG_WARN_STRICT_PROTOTYPES = YES;
				CLANG_WARN_SUSPICIOUS_MOVE = YES;
				CLANG_WARN_UNGUARDED_AVAILABILITY = YES_AGGRESSIVE;
				CLANG_WARN_UNREACHABLE_CODE = YES;
				CLANG_WARN__DUPLICATE_METHOD_MATCH = YES;
				COPY_PHASE_STRIP = NO;
				DEBUG_INFORMATION_FORMAT = dwarf;
				ENABLE_STRICT_OBJC_MSGSEND = YES;
				ENABLE_TESTABILITY = YES;
				GCC_C_LANGUAGE_STANDARD = gnu11;
				GCC_DYNAMIC_NO_PIC = NO;
				GCC_NO_COMMON_BLOCKS = YES;
				GCC_OPTIMIZATION_LEVEL = 0;
				GCC_PREPROCESSOR_DEFINITIONS = (
					"DEBUG=1",
					"$(inherited)",
				);
				GCC_WARN_64_TO_32_BIT_CONVERSION = YES;
				GCC_WARN_ABOUT_RETURN_TYPE = YES_ERROR;
				GCC_WARN_UNDECLARED_SELECTOR = YES;
				GCC_WARN_UNINITIALIZED_AUTOS = YES_AGGRESSIVE;
				GCC_WARN_UNUSED_FUNCTION = YES;
				GCC_WARN_UNUSED_VARIABLE = YES;
				INFOPLIST_KEY_CFBundleDisplayName = "하루는 더 이상 24시간이 아니다";
				IPHONEOS_DEPLOYMENT_TARGET = 15.0;
				MTL_ENABLE_DEBUG_INFO = INCLUDE_SOURCE;
				MTL_FAST_MATH = YES;
				ONLY_ACTIVE_ARCH = YES;
				SDKROOT = iphoneos;
				SWIFT_ACTIVE_COMPILATION_CONDITIONS = DEBUG;
				SWIFT_OPTIMIZATION_LEVEL = "-Onone";
			};
			name = Debug;
		};
		57C1384F2AC5496A00277597 /* Release */ = {
			isa = XCBuildConfiguration;
			buildSettings = {
				ALWAYS_SEARCH_USER_PATHS = NO;
				CLANG_ANALYZER_NONNULL = YES;
				CLANG_ANALYZER_NUMBER_OBJECT_CONVERSION = YES_AGGRESSIVE;
				CLANG_CXX_LANGUAGE_STANDARD = "gnu++20";
				CLANG_ENABLE_MODULES = YES;
				CLANG_ENABLE_OBJC_ARC = YES;
				CLANG_ENABLE_OBJC_WEAK = YES;
				CLANG_WARN_BLOCK_CAPTURE_AUTORELEASING = YES;
				CLANG_WARN_BOOL_CONVERSION = YES;
				CLANG_WARN_COMMA = YES;
				CLANG_WARN_CONSTANT_CONVERSION = YES;
				CLANG_WARN_DEPRECATED_OBJC_IMPLEMENTATIONS = YES;
				CLANG_WARN_DIRECT_OBJC_ISA_USAGE = YES_ERROR;
				CLANG_WARN_DOCUMENTATION_COMMENTS = YES;
				CLANG_WARN_EMPTY_BODY = YES;
				CLANG_WARN_ENUM_CONVERSION = YES;
				CLANG_WARN_INFINITE_RECURSION = YES;
				CLANG_WARN_INT_CONVERSION = YES;
				CLANG_WARN_NON_LITERAL_NULL_CONVERSION = YES;
				CLANG_WARN_OBJC_IMPLICIT_RETAIN_SELF = YES;
				CLANG_WARN_OBJC_LITERAL_CONVERSION = YES;
				CLANG_WARN_OBJC_ROOT_CLASS = YES_ERROR;
				CLANG_WARN_QUOTED_INCLUDE_IN_FRAMEWORK_HEADER = YES;
				CLANG_WARN_RANGE_LOOP_ANALYSIS = YES;
				CLANG_WARN_STRICT_PROTOTYPES = YES;
				CLANG_WARN_SUSPICIOUS_MOVE = YES;
				CLANG_WARN_UNGUARDED_AVAILABILITY = YES_AGGRESSIVE;
				CLANG_WARN_UNREACHABLE_CODE = YES;
				CLANG_WARN__DUPLICATE_METHOD_MATCH = YES;
				COPY_PHASE_STRIP = NO;
				DEBUG_INFORMATION_FORMAT = "dwarf-with-dsym";
				ENABLE_NS_ASSERTIONS = NO;
				ENABLE_STRICT_OBJC_MSGSEND = YES;
				GCC_C_LANGUAGE_STANDARD = gnu11;
				GCC_NO_COMMON_BLOCKS = YES;
				GCC_WARN_64_TO_32_BIT_CONVERSION = YES;
				GCC_WARN_ABOUT_RETURN_TYPE = YES_ERROR;
				GCC_WARN_UNDECLARED_SELECTOR = YES;
				GCC_WARN_UNINITIALIZED_AUTOS = YES_AGGRESSIVE;
				GCC_WARN_UNUSED_FUNCTION = YES;
				GCC_WARN_UNUSED_VARIABLE = YES;
				INFOPLIST_KEY_CFBundleDisplayName = "하루는 더 이상 24시간이 아니다";
				IPHONEOS_DEPLOYMENT_TARGET = 15.0;
				MTL_ENABLE_DEBUG_INFO = NO;
				MTL_FAST_MATH = YES;
				SDKROOT = iphoneos;
				SWIFT_COMPILATION_MODE = wholemodule;
				SWIFT_OPTIMIZATION_LEVEL = "-O";
				VALIDATE_PRODUCT = YES;
			};
			name = Release;
		};
		57C138512AC5496A00277597 /* Debug */ = {
			isa = XCBuildConfiguration;
			baseConfigurationReference = 699704C0E154EFA3F0B65183 /* Pods-A day is no longer 24 hours.debug.xcconfig */;
			buildSettings = {
				ASSETCATALOG_COMPILER_APPICON_NAME = AppIcon;
				ASSETCATALOG_COMPILER_GLOBAL_ACCENT_COLOR_NAME = AccentColor;
				CODE_SIGN_STYLE = Automatic;
				CURRENT_PROJECT_VERSION = 1;
				DEVELOPMENT_TEAM = 86BUJA8T6M;
				GENERATE_INFOPLIST_FILE = YES;
				INFOPLIST_FILE = "A day is no longer 24 hours/Info.plist";
				INFOPLIST_KEY_UIApplicationSupportsIndirectInputEvents = YES;
				INFOPLIST_KEY_UILaunchStoryboardName = LaunchScreen;
				INFOPLIST_KEY_UIStatusBarStyle = UIStatusBarStyleLightContent;
				INFOPLIST_KEY_UISupportedInterfaceOrientations = UIInterfaceOrientationPortrait;
				INFOPLIST_KEY_UISupportedInterfaceOrientations_iPad = "UIInterfaceOrientationLandscapeLeft UIInterfaceOrientationLandscapeRight UIInterfaceOrientationPortrait UIInterfaceOrientationPortraitUpsideDown";
				INFOPLIST_KEY_UIUserInterfaceStyle = Light;
				IPHONEOS_DEPLOYMENT_TARGET = 15.0;
				LD_RUNPATH_SEARCH_PATHS = (
					"$(inherited)",
					"@executable_path/Frameworks",
				);
				MARKETING_VERSION = 1.1;
				PRODUCT_BUNDLE_IDENTIFIER = "com.prodvssw.98.A-day-is-no-longer-24-hours";
				PRODUCT_NAME = "$(TARGET_NAME)";
				SUPPORTED_PLATFORMS = "iphoneos iphonesimulator";
				SUPPORTS_MACCATALYST = NO;
				SUPPORTS_MAC_DESIGNED_FOR_IPHONE_IPAD = NO;
				SWIFT_EMIT_LOC_STRINGS = YES;
				SWIFT_VERSION = 5.0;
				TARGETED_DEVICE_FAMILY = 1;
			};
			name = Debug;
		};
		57C138522AC5496A00277597 /* Release */ = {
			isa = XCBuildConfiguration;
			baseConfigurationReference = DBD42A7EE31B10218A333749 /* Pods-A day is no longer 24 hours.release.xcconfig */;
			buildSettings = {
				ASSETCATALOG_COMPILER_APPICON_NAME = AppIcon;
				ASSETCATALOG_COMPILER_GLOBAL_ACCENT_COLOR_NAME = AccentColor;
				CODE_SIGN_STYLE = Automatic;
				CURRENT_PROJECT_VERSION = 1;
				DEVELOPMENT_TEAM = 86BUJA8T6M;
				GENERATE_INFOPLIST_FILE = YES;
				INFOPLIST_FILE = "A day is no longer 24 hours/Info.plist";
				INFOPLIST_KEY_UIApplicationSupportsIndirectInputEvents = YES;
				INFOPLIST_KEY_UILaunchStoryboardName = LaunchScreen;
				INFOPLIST_KEY_UIStatusBarStyle = UIStatusBarStyleLightContent;
				INFOPLIST_KEY_UISupportedInterfaceOrientations = UIInterfaceOrientationPortrait;
				INFOPLIST_KEY_UISupportedInterfaceOrientations_iPad = "UIInterfaceOrientationLandscapeLeft UIInterfaceOrientationLandscapeRight UIInterfaceOrientationPortrait UIInterfaceOrientationPortraitUpsideDown";
				INFOPLIST_KEY_UIUserInterfaceStyle = Light;
				IPHONEOS_DEPLOYMENT_TARGET = 15.0;
				LD_RUNPATH_SEARCH_PATHS = (
					"$(inherited)",
					"@executable_path/Frameworks",
				);
				MARKETING_VERSION = 1.1;
				PRODUCT_BUNDLE_IDENTIFIER = "com.prodvssw.98.A-day-is-no-longer-24-hours";
				PRODUCT_NAME = "$(TARGET_NAME)";
				SUPPORTED_PLATFORMS = "iphoneos iphonesimulator";
				SUPPORTS_MACCATALYST = NO;
				SUPPORTS_MAC_DESIGNED_FOR_IPHONE_IPAD = NO;
				SWIFT_EMIT_LOC_STRINGS = YES;
				SWIFT_VERSION = 5.0;
				TARGETED_DEVICE_FAMILY = 1;
			};
			name = Release;
		};
/* End XCBuildConfiguration section */

/* Begin XCConfigurationList section */
		57C138372AC5496500277597 /* Build configuration list for PBXProject "A day is no longer 24 hours" */ = {
			isa = XCConfigurationList;
			buildConfigurations = (
				57C1384E2AC5496A00277597 /* Debug */,
				57C1384F2AC5496A00277597 /* Release */,
			);
			defaultConfigurationIsVisible = 0;
			defaultConfigurationName = Release;
		};
		57C138502AC5496A00277597 /* Build configuration list for PBXNativeTarget "A day is no longer 24 hours" */ = {
			isa = XCConfigurationList;
			buildConfigurations = (
				57C138512AC5496A00277597 /* Debug */,
				57C138522AC5496A00277597 /* Release */,
			);
			defaultConfigurationIsVisible = 0;
			defaultConfigurationName = Release;
		};
/* End XCConfigurationList section */

/* Begin XCRemoteSwiftPackageReference section */
		57D5FA522B14814B00A76420 /* XCRemoteSwiftPackageReference "RxSwift" */ = {
			isa = XCRemoteSwiftPackageReference;
			repositoryURL = "https://github.com/ReactiveX/RxSwift.git";
			requirement = {
				kind = upToNextMajorVersion;
				minimumVersion = 6.0.0;
			};
		};
		57F616BD2ADC1A28007C7C4C /* XCRemoteSwiftPackageReference "HGCircularSlider" */ = {
			isa = XCRemoteSwiftPackageReference;
			repositoryURL = "https://github.com/HamzaGhazouani/HGCircularSlider";
			requirement = {
				kind = upToNextMajorVersion;
				minimumVersion = 2.0.0;
			};
		};
		57F616C02ADC1A4B007C7C4C /* XCRemoteSwiftPackageReference "SnapKit" */ = {
			isa = XCRemoteSwiftPackageReference;
			repositoryURL = "https://github.com/SnapKit/SnapKit.git";
			requirement = {
				kind = upToNextMajorVersion;
				minimumVersion = 5.0.0;
			};
		};
		57F616C32ADC1A5A007C7C4C /* XCRemoteSwiftPackageReference "IQKeyboardManager" */ = {
			isa = XCRemoteSwiftPackageReference;
			repositoryURL = "https://github.com/hackiftekhar/IQKeyboardManager";
			requirement = {
				kind = upToNextMajorVersion;
				minimumVersion = 6.0.0;
			};
		};
		57F616C62ADC1A8C007C7C4C /* XCRemoteSwiftPackageReference "FSCalendar" */ = {
			isa = XCRemoteSwiftPackageReference;
			repositoryURL = "https://github.com/WenchaoD/FSCalendar";
			requirement = {
				kind = upToNextMajorVersion;
				minimumVersion = 2.0.0;
			};
		};
		57F616C92ADC1B81007C7C4C /* XCRemoteSwiftPackageReference "realm-swift" */ = {
			isa = XCRemoteSwiftPackageReference;
			repositoryURL = "https://github.com/realm/realm-swift.git";
			requirement = {
				kind = exactVersion;
				version = 10.43.0;
			};
		};
/* End XCRemoteSwiftPackageReference section */

/* Begin XCSwiftPackageProductDependency section */
		57D5FA532B14814B00A76420 /* RxCocoa */ = {
			isa = XCSwiftPackageProductDependency;
			package = 57D5FA522B14814B00A76420 /* XCRemoteSwiftPackageReference "RxSwift" */;
			productName = RxCocoa;
		};
		57D5FA552B14814B00A76420 /* RxRelay */ = {
			isa = XCSwiftPackageProductDependency;
			package = 57D5FA522B14814B00A76420 /* XCRemoteSwiftPackageReference "RxSwift" */;
			productName = RxRelay;
		};
		57D5FA572B14814B00A76420 /* RxSwift */ = {
			isa = XCSwiftPackageProductDependency;
			package = 57D5FA522B14814B00A76420 /* XCRemoteSwiftPackageReference "RxSwift" */;
			productName = RxSwift;
		};
		57F616BE2ADC1A28007C7C4C /* HGCircularSlider */ = {
			isa = XCSwiftPackageProductDependency;
			package = 57F616BD2ADC1A28007C7C4C /* XCRemoteSwiftPackageReference "HGCircularSlider" */;
			productName = HGCircularSlider;
		};
		57F616C12ADC1A4B007C7C4C /* SnapKit */ = {
			isa = XCSwiftPackageProductDependency;
			package = 57F616C02ADC1A4B007C7C4C /* XCRemoteSwiftPackageReference "SnapKit" */;
			productName = SnapKit;
		};
		57F616C42ADC1A5A007C7C4C /* IQKeyboardManagerSwift */ = {
			isa = XCSwiftPackageProductDependency;
			package = 57F616C32ADC1A5A007C7C4C /* XCRemoteSwiftPackageReference "IQKeyboardManager" */;
			productName = IQKeyboardManagerSwift;
		};
		57F616C72ADC1A8C007C7C4C /* FSCalendar */ = {
			isa = XCSwiftPackageProductDependency;
			package = 57F616C62ADC1A8C007C7C4C /* XCRemoteSwiftPackageReference "FSCalendar" */;
			productName = FSCalendar;
		};
		57F616CA2ADC1B81007C7C4C /* Realm */ = {
			isa = XCSwiftPackageProductDependency;
			package = 57F616C92ADC1B81007C7C4C /* XCRemoteSwiftPackageReference "realm-swift" */;
			productName = Realm;
		};
		57F616CC2ADC1B81007C7C4C /* RealmSwift */ = {
			isa = XCSwiftPackageProductDependency;
			package = 57F616C92ADC1B81007C7C4C /* XCRemoteSwiftPackageReference "realm-swift" */;
			productName = RealmSwift;
		};
/* End XCSwiftPackageProductDependency section */
	};
	rootObject = 57C138342AC5496500277597 /* Project object */;
}
